// !$*UTF8*$!
{
	archiveVersion = 1;
	classes = {
	};
	objectVersion = 56;
	objects = {

/* Begin PBXBuildFile section */
		F786D8F72A3BAED800A29915 /* QueryRelayView.swift in Sources */ = {isa = PBXBuildFile; fileRef = F786D8F62A3BAED800A29915 /* QueryRelayView.swift */; };
		F7CB362C2A35127B0098F35C /* NostrSDKDemoApp.swift in Sources */ = {isa = PBXBuildFile; fileRef = F7CB362B2A35127B0098F35C /* NostrSDKDemoApp.swift */; };
		F7CB362E2A35127B0098F35C /* ContentView.swift in Sources */ = {isa = PBXBuildFile; fileRef = F7CB362D2A35127B0098F35C /* ContentView.swift */; };
		F7CB36302A35127C0098F35C /* Assets.xcassets in Resources */ = {isa = PBXBuildFile; fileRef = F7CB362F2A35127C0098F35C /* Assets.xcassets */; };
		F7CB36332A35127C0098F35C /* Preview Assets.xcassets in Resources */ = {isa = PBXBuildFile; fileRef = F7CB36322A35127C0098F35C /* Preview Assets.xcassets */; };
		F7CB363B2A3512E20098F35C /* NostrSDK in Frameworks */ = {isa = PBXBuildFile; productRef = F7CB363A2A3512E20098F35C /* NostrSDK */; };
		F7CB36412A3ACD530098F35C /* GenerateKeyView.swift in Sources */ = {isa = PBXBuildFile; fileRef = F7CB36402A3ACD530098F35C /* GenerateKeyView.swift */; };
		F7CB36432A3ACD7B0098F35C /* ListOptionView.swift in Sources */ = {isa = PBXBuildFile; fileRef = F7CB36422A3ACD7B0098F35C /* ListOptionView.swift */; };
		F7CB36452A3ACE6E0098F35C /* ConnectRelayView.swift in Sources */ = {isa = PBXBuildFile; fileRef = F7CB36442A3ACE6E0098F35C /* ConnectRelayView.swift */; };
		F7CB36472A3B74380098F35C /* NIP05VerificationView.swift in Sources */ = {isa = PBXBuildFile; fileRef = F7CB36462A3B74380098F35C /* NIP05VerificationView.swift */; };
/* End PBXBuildFile section */

/* Begin PBXFileReference section */
		F786D8F62A3BAED800A29915 /* QueryRelayView.swift */ = {isa = PBXFileReference; lastKnownFileType = sourcecode.swift; path = QueryRelayView.swift; sourceTree = "<group>"; };
		F7CB36282A35127B0098F35C /* NostrSDKDemo.app */ = {isa = PBXFileReference; explicitFileType = wrapper.application; includeInIndex = 0; path = NostrSDKDemo.app; sourceTree = BUILT_PRODUCTS_DIR; };
		F7CB362B2A35127B0098F35C /* NostrSDKDemoApp.swift */ = {isa = PBXFileReference; lastKnownFileType = sourcecode.swift; path = NostrSDKDemoApp.swift; sourceTree = "<group>"; };
		F7CB362D2A35127B0098F35C /* ContentView.swift */ = {isa = PBXFileReference; lastKnownFileType = sourcecode.swift; path = ContentView.swift; sourceTree = "<group>"; };
		F7CB362F2A35127C0098F35C /* Assets.xcassets */ = {isa = PBXFileReference; lastKnownFileType = folder.assetcatalog; path = Assets.xcassets; sourceTree = "<group>"; };
		F7CB36322A35127C0098F35C /* Preview Assets.xcassets */ = {isa = PBXFileReference; lastKnownFileType = folder.assetcatalog; path = "Preview Assets.xcassets"; sourceTree = "<group>"; };
		F7CB36402A3ACD530098F35C /* GenerateKeyView.swift */ = {isa = PBXFileReference; lastKnownFileType = sourcecode.swift; path = GenerateKeyView.swift; sourceTree = "<group>"; };
		F7CB36422A3ACD7B0098F35C /* ListOptionView.swift */ = {isa = PBXFileReference; lastKnownFileType = sourcecode.swift; path = ListOptionView.swift; sourceTree = "<group>"; };
		F7CB36442A3ACE6E0098F35C /* ConnectRelayView.swift */ = {isa = PBXFileReference; lastKnownFileType = sourcecode.swift; path = ConnectRelayView.swift; sourceTree = "<group>"; };
		F7CB36462A3B74380098F35C /* NIP05VerificationView.swift */ = {isa = PBXFileReference; lastKnownFileType = sourcecode.swift; path = NIP05VerificationView.swift; sourceTree = "<group>"; };
/* End PBXFileReference section */

/* Begin PBXFrameworksBuildPhase section */
		F7CB36252A35127B0098F35C /* Frameworks */ = {
			isa = PBXFrameworksBuildPhase;
			buildActionMask = 2147483647;
			files = (
				F7CB363B2A3512E20098F35C /* NostrSDK in Frameworks */,
			);
			runOnlyForDeploymentPostprocessing = 0;
		};
/* End PBXFrameworksBuildPhase section */

/* Begin PBXGroup section */
		F7CB361F2A35127B0098F35C = {
			isa = PBXGroup;
			children = (
				F7CB362A2A35127B0098F35C /* NostrSDKDemo */,
				F7CB36292A35127B0098F35C /* Products */,
			);
			sourceTree = "<group>";
		};
		F7CB36292A35127B0098F35C /* Products */ = {
			isa = PBXGroup;
			children = (
				F7CB36282A35127B0098F35C /* NostrSDKDemo.app */,
			);
			name = Products;
			sourceTree = "<group>";
		};
		F7CB362A2A35127B0098F35C /* NostrSDKDemo */ = {
			isa = PBXGroup;
			children = (
				F7CB362B2A35127B0098F35C /* NostrSDKDemoApp.swift */,
				F7CB362D2A35127B0098F35C /* ContentView.swift */,
				F7CB36462A3B74380098F35C /* NIP05VerificationView.swift */,
				F7CB36402A3ACD530098F35C /* GenerateKeyView.swift */,
				F7CB36422A3ACD7B0098F35C /* ListOptionView.swift */,
				F7CB36442A3ACE6E0098F35C /* ConnectRelayView.swift */,
				F786D8F62A3BAED800A29915 /* QueryRelayView.swift */,
				F7CB362F2A35127C0098F35C /* Assets.xcassets */,
				F7CB36312A35127C0098F35C /* Preview Content */,
			);
			path = NostrSDKDemo;
			sourceTree = "<group>";
		};
		F7CB36312A35127C0098F35C /* Preview Content */ = {
			isa = PBXGroup;
			children = (
				F7CB36322A35127C0098F35C /* Preview Assets.xcassets */,
			);
			path = "Preview Content";
			sourceTree = "<group>";
		};
/* End PBXGroup section */

/* Begin PBXNativeTarget section */
		F7CB36272A35127B0098F35C /* NostrSDKDemo */ = {
			isa = PBXNativeTarget;
			buildConfigurationList = F7CB36362A35127C0098F35C /* Build configuration list for PBXNativeTarget "NostrSDKDemo" */;
			buildPhases = (
				F7CB36242A35127B0098F35C /* Sources */,
				F7CB36252A35127B0098F35C /* Frameworks */,
				F7CB36262A35127B0098F35C /* Resources */,
			);
			buildRules = (
			);
			dependencies = (
			);
			name = NostrSDKDemo;
			packageProductDependencies = (
				F7CB363A2A3512E20098F35C /* NostrSDK */,
			);
			productName = NostrSDKDemo;
			productReference = F7CB36282A35127B0098F35C /* NostrSDKDemo.app */;
			productType = "com.apple.product-type.application";
		};
/* End PBXNativeTarget section */

/* Begin PBXProject section */
		F7CB36202A35127B0098F35C /* Project object */ = {
			isa = PBXProject;
			attributes = {
				BuildIndependentTargetsInParallel = 1;
				LastSwiftUpdateCheck = 1430;
				LastUpgradeCheck = 1430;
				TargetAttributes = {
					F7CB36272A35127B0098F35C = {
						CreatedOnToolsVersion = 14.3.1;
					};
				};
			};
			buildConfigurationList = F7CB36232A35127B0098F35C /* Build configuration list for PBXProject "NostrSDKDemo" */;
			compatibilityVersion = "Xcode 14.0";
			developmentRegion = en;
			hasScannedForEncodings = 0;
			knownRegions = (
				en,
				Base,
			);
			mainGroup = F7CB361F2A35127B0098F35C;
			packageReferences = (
				F7CB36392A3512E20098F35C /* XCRemoteSwiftPackageReference "nostr-sdk-ios" */,
			);
			productRefGroup = F7CB36292A35127B0098F35C /* Products */;
			projectDirPath = "";
			projectRoot = "";
			targets = (
				F7CB36272A35127B0098F35C /* NostrSDKDemo */,
			);
		};
/* End PBXProject section */

/* Begin PBXResourcesBuildPhase section */
		F7CB36262A35127B0098F35C /* Resources */ = {
			isa = PBXResourcesBuildPhase;
			buildActionMask = 2147483647;
			files = (
				F7CB36332A35127C0098F35C /* Preview Assets.xcassets in Resources */,
				F7CB36302A35127C0098F35C /* Assets.xcassets in Resources */,
			);
			runOnlyForDeploymentPostprocessing = 0;
		};
/* End PBXResourcesBuildPhase section */

/* Begin PBXSourcesBuildPhase section */
		F7CB36242A35127B0098F35C /* Sources */ = {
			isa = PBXSourcesBuildPhase;
			buildActionMask = 2147483647;
			files = (
				F7CB362E2A35127B0098F35C /* ContentView.swift in Sources */,
				F7CB362C2A35127B0098F35C /* NostrSDKDemoApp.swift in Sources */,
				F7CB36472A3B74380098F35C /* NIP05VerificationView.swift in Sources */,
				F7CB36452A3ACE6E0098F35C /* ConnectRelayView.swift in Sources */,
				F786D8F72A3BAED800A29915 /* QueryRelayView.swift in Sources */,
				F7CB36412A3ACD530098F35C /* GenerateKeyView.swift in Sources */,
				F7CB36432A3ACD7B0098F35C /* ListOptionView.swift in Sources */,
			);
			runOnlyForDeploymentPostprocessing = 0;
		};
/* End PBXSourcesBuildPhase section */

/* Begin XCBuildConfiguration section */
		F7CB36342A35127C0098F35C /* Debug */ = {
			isa = XCBuildConfiguration;
			buildSettings = {
				ALWAYS_SEARCH_USER_PATHS = NO;
				CLANG_ANALYZER_NONNULL = YES;
				CLANG_ANALYZER_NUMBER_OBJECT_CONVERSION = YES_AGGRESSIVE;
				CLANG_CXX_LANGUAGE_STANDARD = "gnu++20";
				CLANG_ENABLE_MODULES = YES;
				CLANG_ENABLE_OBJC_ARC = YES;
				CLANG_ENABLE_OBJC_WEAK = YES;
				CLANG_WARN_BLOCK_CAPTURE_AUTORELEASING = YES;
				CLANG_WARN_BOOL_CONVERSION = YES;
				CLANG_WARN_COMMA = YES;
				CLANG_WARN_CONSTANT_CONVERSION = YES;
				CLANG_WARN_DEPRECATED_OBJC_IMPLEMENTATIONS = YES;
				CLANG_WARN_DIRECT_OBJC_ISA_USAGE = YES_ERROR;
				CLANG_WARN_DOCUMENTATION_COMMENTS = YES;
				CLANG_WARN_EMPTY_BODY = YES;
				CLANG_WARN_ENUM_CONVERSION = YES;
				CLANG_WARN_INFINITE_RECURSION = YES;
				CLANG_WARN_INT_CONVERSION = YES;
				CLANG_WARN_NON_LITERAL_NULL_CONVERSION = YES;
				CLANG_WARN_OBJC_IMPLICIT_RETAIN_SELF = YES;
				CLANG_WARN_OBJC_LITERAL_CONVERSION = YES;
				CLANG_WARN_OBJC_ROOT_CLASS = YES_ERROR;
				CLANG_WARN_QUOTED_INCLUDE_IN_FRAMEWORK_HEADER = YES;
				CLANG_WARN_RANGE_LOOP_ANALYSIS = YES;
				CLANG_WARN_STRICT_PROTOTYPES = YES;
				CLANG_WARN_SUSPICIOUS_MOVE = YES;
				CLANG_WARN_UNGUARDED_AVAILABILITY = YES_AGGRESSIVE;
				CLANG_WARN_UNREACHABLE_CODE = YES;
				CLANG_WARN__DUPLICATE_METHOD_MATCH = YES;
				COPY_PHASE_STRIP = NO;
				DEBUG_INFORMATION_FORMAT = dwarf;
				ENABLE_STRICT_OBJC_MSGSEND = YES;
				ENABLE_TESTABILITY = YES;
				GCC_C_LANGUAGE_STANDARD = gnu11;
				GCC_DYNAMIC_NO_PIC = NO;
				GCC_NO_COMMON_BLOCKS = YES;
				GCC_OPTIMIZATION_LEVEL = 0;
				GCC_PREPROCESSOR_DEFINITIONS = (
					"DEBUG=1",
					"$(inherited)",
				);
				GCC_WARN_64_TO_32_BIT_CONVERSION = YES;
				GCC_WARN_ABOUT_RETURN_TYPE = YES_ERROR;
				GCC_WARN_UNDECLARED_SELECTOR = YES;
				GCC_WARN_UNINITIALIZED_AUTOS = YES_AGGRESSIVE;
				GCC_WARN_UNUSED_FUNCTION = YES;
				GCC_WARN_UNUSED_VARIABLE = YES;
				IPHONEOS_DEPLOYMENT_TARGET = 16.4;
				MTL_ENABLE_DEBUG_INFO = INCLUDE_SOURCE;
				MTL_FAST_MATH = YES;
				ONLY_ACTIVE_ARCH = YES;
				SDKROOT = iphoneos;
				SWIFT_ACTIVE_COMPILATION_CONDITIONS = DEBUG;
				SWIFT_OPTIMIZATION_LEVEL = "-Onone";
			};
			name = Debug;
		};
		F7CB36352A35127C0098F35C /* Release */ = {
			isa = XCBuildConfiguration;
			buildSettings = {
				ALWAYS_SEARCH_USER_PATHS = NO;
				CLANG_ANALYZER_NONNULL = YES;
				CLANG_ANALYZER_NUMBER_OBJECT_CONVERSION = YES_AGGRESSIVE;
				CLANG_CXX_LANGUAGE_STANDARD = "gnu++20";
				CLANG_ENABLE_MODULES = YES;
				CLANG_ENABLE_OBJC_ARC = YES;
				CLANG_ENABLE_OBJC_WEAK = YES;
				CLANG_WARN_BLOCK_CAPTURE_AUTORELEASING = YES;
				CLANG_WARN_BOOL_CONVERSION = YES;
				CLANG_WARN_COMMA = YES;
				CLANG_WARN_CONSTANT_CONVERSION = YES;
				CLANG_WARN_DEPRECATED_OBJC_IMPLEMENTATIONS = YES;
				CLANG_WARN_DIRECT_OBJC_ISA_USAGE = YES_ERROR;
				CLANG_WARN_DOCUMENTATION_COMMENTS = YES;
				CLANG_WARN_EMPTY_BODY = YES;
				CLANG_WARN_ENUM_CONVERSION = YES;
				CLANG_WARN_INFINITE_RECURSION = YES;
				CLANG_WARN_INT_CONVERSION = YES;
				CLANG_WARN_NON_LITERAL_NULL_CONVERSION = YES;
				CLANG_WARN_OBJC_IMPLICIT_RETAIN_SELF = YES;
				CLANG_WARN_OBJC_LITERAL_CONVERSION = YES;
				CLANG_WARN_OBJC_ROOT_CLASS = YES_ERROR;
				CLANG_WARN_QUOTED_INCLUDE_IN_FRAMEWORK_HEADER = YES;
				CLANG_WARN_RANGE_LOOP_ANALYSIS = YES;
				CLANG_WARN_STRICT_PROTOTYPES = YES;
				CLANG_WARN_SUSPICIOUS_MOVE = YES;
				CLANG_WARN_UNGUARDED_AVAILABILITY = YES_AGGRESSIVE;
				CLANG_WARN_UNREACHABLE_CODE = YES;
				CLANG_WARN__DUPLICATE_METHOD_MATCH = YES;
				COPY_PHASE_STRIP = NO;
				DEBUG_INFORMATION_FORMAT = "dwarf-with-dsym";
				ENABLE_NS_ASSERTIONS = NO;
				ENABLE_STRICT_OBJC_MSGSEND = YES;
				GCC_C_LANGUAGE_STANDARD = gnu11;
				GCC_NO_COMMON_BLOCKS = YES;
				GCC_WARN_64_TO_32_BIT_CONVERSION = YES;
				GCC_WARN_ABOUT_RETURN_TYPE = YES_ERROR;
				GCC_WARN_UNDECLARED_SELECTOR = YES;
				GCC_WARN_UNINITIALIZED_AUTOS = YES_AGGRESSIVE;
				GCC_WARN_UNUSED_FUNCTION = YES;
				GCC_WARN_UNUSED_VARIABLE = YES;
				IPHONEOS_DEPLOYMENT_TARGET = 16.4;
				MTL_ENABLE_DEBUG_INFO = NO;
				MTL_FAST_MATH = YES;
				SDKROOT = iphoneos;
				SWIFT_COMPILATION_MODE = wholemodule;
				SWIFT_OPTIMIZATION_LEVEL = "-O";
				VALIDATE_PRODUCT = YES;
			};
			name = Release;
		};
		F7CB36372A35127C0098F35C /* Debug */ = {
			isa = XCBuildConfiguration;
			buildSettings = {
				ASSETCATALOG_COMPILER_APPICON_NAME = AppIcon;
				ASSETCATALOG_COMPILER_GLOBAL_ACCENT_COLOR_NAME = AccentColor;
				CODE_SIGN_STYLE = Automatic;
				CURRENT_PROJECT_VERSION = 1;
				DEVELOPMENT_ASSET_PATHS = "\"NostrSDKDemo/Preview Content\"";
				DEVELOPMENT_TEAM = 8X78R6JQ6Y;
				ENABLE_PREVIEWS = YES;
				GENERATE_INFOPLIST_FILE = YES;
				INFOPLIST_KEY_UIApplicationSceneManifest_Generation = YES;
				INFOPLIST_KEY_UIApplicationSupportsIndirectInputEvents = YES;
				INFOPLIST_KEY_UILaunchScreen_Generation = YES;
				INFOPLIST_KEY_UISupportedInterfaceOrientations_iPad = "UIInterfaceOrientationPortrait UIInterfaceOrientationPortraitUpsideDown UIInterfaceOrientationLandscapeLeft UIInterfaceOrientationLandscapeRight";
				INFOPLIST_KEY_UISupportedInterfaceOrientations_iPhone = "UIInterfaceOrientationPortrait UIInterfaceOrientationLandscapeLeft UIInterfaceOrientationLandscapeRight";
				LD_RUNPATH_SEARCH_PATHS = (
					"$(inherited)",
					"@executable_path/Frameworks",
				);
				MARKETING_VERSION = 1.0;
				PRODUCT_BUNDLE_IDENTIFIER = com.joelklabo.NostrSDKDemo;
				PRODUCT_NAME = "$(TARGET_NAME)";
				SWIFT_EMIT_LOC_STRINGS = YES;
				SWIFT_VERSION = 5.0;
				TARGETED_DEVICE_FAMILY = "1,2";
			};
			name = Debug;
		};
		F7CB36382A35127C0098F35C /* Release */ = {
			isa = XCBuildConfiguration;
			buildSettings = {
				ASSETCATALOG_COMPILER_APPICON_NAME = AppIcon;
				ASSETCATALOG_COMPILER_GLOBAL_ACCENT_COLOR_NAME = AccentColor;
				CODE_SIGN_STYLE = Automatic;
				CURRENT_PROJECT_VERSION = 1;
				DEVELOPMENT_ASSET_PATHS = "\"NostrSDKDemo/Preview Content\"";
				DEVELOPMENT_TEAM = 8X78R6JQ6Y;
				ENABLE_PREVIEWS = YES;
				GENERATE_INFOPLIST_FILE = YES;
				INFOPLIST_KEY_UIApplicationSceneManifest_Generation = YES;
				INFOPLIST_KEY_UIApplicationSupportsIndirectInputEvents = YES;
				INFOPLIST_KEY_UILaunchScreen_Generation = YES;
				INFOPLIST_KEY_UISupportedInterfaceOrientations_iPad = "UIInterfaceOrientationPortrait UIInterfaceOrientationPortraitUpsideDown UIInterfaceOrientationLandscapeLeft UIInterfaceOrientationLandscapeRight";
				INFOPLIST_KEY_UISupportedInterfaceOrientations_iPhone = "UIInterfaceOrientationPortrait UIInterfaceOrientationLandscapeLeft UIInterfaceOrientationLandscapeRight";
				LD_RUNPATH_SEARCH_PATHS = (
					"$(inherited)",
					"@executable_path/Frameworks",
				);
				MARKETING_VERSION = 1.0;
				PRODUCT_BUNDLE_IDENTIFIER = com.joelklabo.NostrSDKDemo;
				PRODUCT_NAME = "$(TARGET_NAME)";
				SWIFT_EMIT_LOC_STRINGS = YES;
				SWIFT_VERSION = 5.0;
				TARGETED_DEVICE_FAMILY = "1,2";
			};
			name = Release;
		};
/* End XCBuildConfiguration section */

/* Begin XCConfigurationList section */
		F7CB36232A35127B0098F35C /* Build configuration list for PBXProject "NostrSDKDemo" */ = {
			isa = XCConfigurationList;
			buildConfigurations = (
				F7CB36342A35127C0098F35C /* Debug */,
				F7CB36352A35127C0098F35C /* Release */,
			);
			defaultConfigurationIsVisible = 0;
			defaultConfigurationName = Release;
		};
		F7CB36362A35127C0098F35C /* Build configuration list for PBXNativeTarget "NostrSDKDemo" */ = {
			isa = XCConfigurationList;
			buildConfigurations = (
				F7CB36372A35127C0098F35C /* Debug */,
				F7CB36382A35127C0098F35C /* Release */,
			);
			defaultConfigurationIsVisible = 0;
			defaultConfigurationName = Release;
		};
/* End XCConfigurationList section */

/* Begin XCRemoteSwiftPackageReference section */
		F7CB36392A3512E20098F35C /* XCRemoteSwiftPackageReference "nostr-sdk-ios" */ = {
			isa = XCRemoteSwiftPackageReference;
			repositoryURL = "https://github.com/nostr-sdk/nostr-sdk-ios";
			requirement = {
				branch = main;
				kind = branch;
			};
		};
/* End XCRemoteSwiftPackageReference section */

/* Begin XCSwiftPackageProductDependency section */
		F7CB363A2A3512E20098F35C /* NostrSDK */ = {
			isa = XCSwiftPackageProductDependency;
			package = F7CB36392A3512E20098F35C /* XCRemoteSwiftPackageReference "nostr-sdk-ios" */;
			productName = NostrSDK;
		};
/* End XCSwiftPackageProductDependency section */
	};
	rootObject = F7CB36202A35127B0098F35C /* Project object */;
}
